
Microsoft Visual Studio Solution File, Format Version 12.00
# Visual Studio Version 17
VisualStudioVersion = 17.2.32630.192
MinimumVisualStudioVersion = 10.0.40219.1
Project("{FAE04EC0-301F-11D3-BF4B-00C04F79EFBC}") = "TemplateWebApp.Server", "TemplateWebApp\Server\TemplateWebApp.Server.csproj", "{FAE06FA6-D5F9-4EBB-A305-A41AE93CFFB0}"
EndProject
Project("{FAE04EC0-301F-11D3-BF4B-00C04F79EFBC}") = "TemplateWebApp.Client", "TemplateWebApp\Client\TemplateWebApp.Client.csproj", "{043369E2-971E-4542-B3C6-F25A88252F45}"
EndProject
Project("{FAE04EC0-301F-11D3-BF4B-00C04F79EFBC}") = "TemplateWebApp.Shared", "TemplateWebApp\Shared\TemplateWebApp.Shared.csproj", "{F85D941F-5ABB-45F4-B100-F95714344180}"
EndProject
Global
	GlobalSection(SolutionConfigurationPlatforms) = preSolution
		Debug|Any CPU = Debug|Any CPU
		Release|Any CPU = Release|Any CPU
	EndGlobalSection
	GlobalSection(ProjectConfigurationPlatforms) = postSolution
		{FAE06FA6-D5F9-4EBB-A305-A41AE93CFFB0}.Debug|Any CPU.ActiveCfg = Debug|Any CPU
		{FAE06FA6-D5F9-4EBB-A305-A41AE93CFFB0}.Debug|Any CPU.Build.0 = Debug|Any CPU
		{FAE06FA6-D5F9-4EBB-A305-A41AE93CFFB0}.Release|Any CPU.ActiveCfg = Release|Any CPU
		{FAE06FA6-D5F9-4EBB-A305-A41AE93CFFB0}.Release|Any CPU.Build.0 = Release|Any CPU
		{043369E2-971E-4542-B3C6-F25A88252F45}.Debug|Any CPU.ActiveCfg = Debug|Any CPU
		{043369E2-971E-4542-B3C6-F25A88252F45}.Debug|Any CPU.Build.0 = Debug|Any CPU
		{043369E2-971E-4542-B3C6-F25A88252F45}.Release|Any CPU.ActiveCfg = Release|Any CPU
		{043369E2-971E-4542-B3C6-F25A88252F45}.Release|Any CPU.Build.0 = Release|Any CPU
		{F85D941F-5ABB-45F4-B100-F95714344180}.Debug|Any CPU.ActiveCfg = Debug|Any CPU
		{F85D941F-5ABB-45F4-B100-F95714344180}.Debug|Any CPU.Build.0 = Debug|Any CPU
		{F85D941F-5ABB-45F4-B100-F95714344180}.Release|Any CPU.ActiveCfg = Release|Any CPU
		{F85D941F-5ABB-45F4-B100-F95714344180}.Release|Any CPU.Build.0 = Release|Any CPU
	EndGlobalSection
	GlobalSection(SolutionProperties) = preSolution
		HideSolutionNode = FALSE
	EndGlobalSection
	GlobalSection(ExtensibilityGlobals) = postSolution
		SolutionGuid = {85A4FEC3-D669-4E54-94D9-D259A5DECB54}
	EndGlobalSection
EndGlobal
