
Microsoft Visual Studio Solution File, Format Version 12.00
# Visual Studio Version 17
VisualStudioVersion = 17.2.32630.192
MinimumVisualStudioVersion = 10.0.40219.1
Project("{9A19103F-16F7-4668-BE54-9A1E7A4F7556}") = "CleanMicroserviceSystem.Aphrodite.Host", "WebUI\CleanMicroserviceSystem.Aphrodite.Host\CleanMicroserviceSystem.Aphrodite.Host.csproj", "{F60FE33D-6083-46B5-A80D-3FDF7A939AC2}"
EndProject
Project("{9A19103F-16F7-4668-BE54-9A1E7A4F7556}") = "CleanMicroserviceSystem.Aphrodite", "WebUI\CleanMicroserviceSystem.Aphrodite\CleanMicroserviceSystem.Aphrodite.csproj", "{40C063A8-B595-4C98-A5B4-2A54E8B42EAC}"
EndProject
Project("{9A19103F-16F7-4668-BE54-9A1E7A4F7556}") = "CleanMicroserviceSystem.Aphrodite.Domain", "WebUI\CleanMicroserviceSystem.Aphrodite.Domain\CleanMicroserviceSystem.Aphrodite.Domain.csproj", "{AB06CB3D-50D3-4394-825E-8387701AA509}"
EndProject
Project("{2150E333-8FDC-42A3-9474-1A3956D46DE8}") = "CommonLibrary", "CommonLibrary", "{ADEF00F4-7359-4188-AC22-108E3C82205D}"
EndProject
Project("{2150E333-8FDC-42A3-9474-1A3956D46DE8}") = "ServiceBoilerplate", "ServiceBoilerplate", "{AB268A40-1B21-4364-94CF-F626BD664F99}"
EndProject
Project("{2150E333-8FDC-42A3-9474-1A3956D46DE8}") = "WebUI", "WebUI", "{DE964A1C-4E97-4249-8239-41FD53736B62}"
	ProjectSection(SolutionItems) = preProject
		WebUI\README.md = WebUI\README.md
	EndProjectSection
EndProject
Project("{9A19103F-16F7-4668-BE54-9A1E7A4F7556}") = "CleanMicroserviceSystem.Tethys.WebAPI", "ServiceBoilerplate\CleanMicroserviceSystem.Tethys.WebAPI\CleanMicroserviceSystem.Tethys.WebAPI.csproj", "{6EC37AD0-18D2-4E56-ACCD-7A4E819B9680}"
EndProject
Project("{9A19103F-16F7-4668-BE54-9A1E7A4F7556}") = "CleanMicroserviceSystem.Tethys.Domain", "ServiceBoilerplate\CleanMicroserviceSystem.Tethys.Domain\CleanMicroserviceSystem.Tethys.Domain.csproj", "{B13A5BF9-E488-49EA-985F-983C8A21E263}"
EndProject
Project("{9A19103F-16F7-4668-BE54-9A1E7A4F7556}") = "CleanMicroserviceSystem.Tethys.Application", "ServiceBoilerplate\CleanMicroserviceSystem.Tethys.Application\CleanMicroserviceSystem.Tethys.Application.csproj", "{392C0B16-32ED-45E4-8A40-4AB613665E1D}"
EndProject
Project("{9A19103F-16F7-4668-BE54-9A1E7A4F7556}") = "CleanMicroserviceSystem.Tethys.Infrastructure", "ServiceBoilerplate\CleanMicroserviceSystem.Tethys.Infrastructure\CleanMicroserviceSystem.Tethys.Infrastructure.csproj", "{36A18AF7-B065-4B4C-82D3-65DB91E957B3}"
EndProject
Project("{9A19103F-16F7-4668-BE54-9A1E7A4F7556}") = "CleanMicroserviceSystem.Tethys.Client", "ServiceBoilerplate\CleanMicroserviceSystem.Tethys.Client\CleanMicroserviceSystem.Tethys.Client.csproj", "{604156FB-94FE-4CB0-A83F-5C2964FCE51F}"
EndProject
Project("{9A19103F-16F7-4668-BE54-9A1E7A4F7556}") = "CleanMicroserviceSystem.Oceanus.Application.Abstraction", "ServiceBoilerplate\ServiceBoilerplate.Abstraction\CleanMicroserviceSystem.Oceanus.Application.Abstraction\CleanMicroserviceSystem.Oceanus.Application.Abstraction.csproj", "{6B4DFF64-AE40-450B-A6DA-D77FE7421ECF}"
EndProject
Project("{9A19103F-16F7-4668-BE54-9A1E7A4F7556}") = "CleanMicroserviceSystem.Oceanus.Client.Abstraction", "ServiceBoilerplate\ServiceBoilerplate.Abstraction\CleanMicroserviceSystem.Oceanus.Client.Abstraction\CleanMicroserviceSystem.Oceanus.Client.Abstraction.csproj", "{5E2E7EEC-6635-44DE-B154-733AE8BAB35F}"
EndProject
Project("{9A19103F-16F7-4668-BE54-9A1E7A4F7556}") = "CleanMicroserviceSystem.Oceanus.Domain.Abstraction", "ServiceBoilerplate\ServiceBoilerplate.Abstraction\CleanMicroserviceSystem.Oceanus.Domain.Abstraction\CleanMicroserviceSystem.Oceanus.Domain.Abstraction.csproj", "{476703E8-8162-440F-AED5-B0BF5F1A97DB}"
EndProject
Project("{9A19103F-16F7-4668-BE54-9A1E7A4F7556}") = "CleanMicroserviceSystem.Oceanus.Infrastructure.Abstraction", "ServiceBoilerplate\ServiceBoilerplate.Abstraction\CleanMicroserviceSystem.Oceanus.Infrastructure.Abstraction\CleanMicroserviceSystem.Oceanus.Infrastructure.Abstraction.csproj", "{127CF9DE-33D1-4CCB-9943-5DE7ADD86587}"
EndProject
Project("{9A19103F-16F7-4668-BE54-9A1E7A4F7556}") = "CleanMicroserviceSystem.Oceanus.WebAPI.Abstraction", "ServiceBoilerplate\ServiceBoilerplate.Abstraction\CleanMicroserviceSystem.Oceanus.WebAPI.Abstraction\CleanMicroserviceSystem.Oceanus.WebAPI.Abstraction.csproj", "{CAE0E9BE-6E5B-4FB3-B996-25BBC63D499C}"
EndProject
Project("{2150E333-8FDC-42A3-9474-1A3956D46DE8}") = "MicroserviceComponents", "MicroserviceComponents", "{5B1F846E-EADB-49F2-9B23-12A25E4EC17D}"
EndProject
Project("{2150E333-8FDC-42A3-9474-1A3956D46DE8}") = ".doc", ".doc", "{50E998F8-81A0-4E93-BECB-4532EE02501A}"
	ProjectSection(SolutionItems) = preProject
		..\README.md = ..\README.md
	EndProjectSection
EndProject
Project("{2150E333-8FDC-42A3-9474-1A3956D46DE8}") = "IdentityService", "IdentityService", "{65AA7E50-47CF-4AA9-82F9-C1BB5926A81A}"
	ProjectSection(SolutionItems) = preProject
		MicroserviceComponents\IdentityService\README.md = MicroserviceComponents\IdentityService\README.md
	EndProjectSection
EndProject
Project("{9A19103F-16F7-4668-BE54-9A1E7A4F7556}") = "CleanMicroserviceSystem.Themis.Application", "MicroserviceComponents\IdentityService\CleanMicroserviceSystem.Themis.Application\CleanMicroserviceSystem.Themis.Application.csproj", "{723C9C97-EE0E-4D57-AE93-A732B191DB98}"
EndProject
Project("{9A19103F-16F7-4668-BE54-9A1E7A4F7556}") = "CleanMicroserviceSystem.Themis.Client", "MicroserviceComponents\IdentityService\CleanMicroserviceSystem.Themis.Client\CleanMicroserviceSystem.Themis.Client.csproj", "{C72E7768-28CD-403C-AA4C-C7B8889F53B4}"
EndProject
Project("{9A19103F-16F7-4668-BE54-9A1E7A4F7556}") = "CleanMicroserviceSystem.Themis.Domain", "MicroserviceComponents\IdentityService\CleanMicroserviceSystem.Themis.Domain\CleanMicroserviceSystem.Themis.Domain.csproj", "{FB76C665-5092-488D-8771-19987CC4E29E}"
EndProject
Project("{9A19103F-16F7-4668-BE54-9A1E7A4F7556}") = "CleanMicroserviceSystem.Themis.Infrastructure", "MicroserviceComponents\IdentityService\CleanMicroserviceSystem.Themis.Infrastructure\CleanMicroserviceSystem.Themis.Infrastructure.csproj", "{551452D5-C15B-4C3C-9332-FC0E4FB4AB04}"
EndProject
Project("{9A19103F-16F7-4668-BE54-9A1E7A4F7556}") = "CleanMicroserviceSystem.Themis.WebAPI", "MicroserviceComponents\IdentityService\CleanMicroserviceSystem.Themis.WebAPI\CleanMicroserviceSystem.Themis.WebAPI.csproj", "{562C672F-F879-4AE0-9543-CBDBF02E48F2}"
EndProject
Project("{2150E333-8FDC-42A3-9474-1A3956D46DE8}") = ".github", ".github", "{6D78C1E7-4668-411B-8718-0762B00690E3}"
EndProject
Project("{2150E333-8FDC-42A3-9474-1A3956D46DE8}") = "workflows", "workflows", "{5818860A-FF2A-4DA7-9F85-6219C3345685}"
	ProjectSection(SolutionItems) = preProject
		..\.github\workflows\dotnet.yml = ..\.github\workflows\dotnet.yml
	EndProjectSection
EndProject
Project("{2150E333-8FDC-42A3-9474-1A3956D46DE8}") = "ServiceBoilerplate.Abstraction", "ServiceBoilerplate.Abstraction", "{057AEB14-2D18-4B84-A707-982A405600A3}"
EndProject
Project("{9A19103F-16F7-4668-BE54-9A1E7A4F7556}") = "CleanMicroserviceSystem.Intermediary", "CommonLibrary\Intermediary\CleanMicroserviceSystem.Intermediary\CleanMicroserviceSystem.Intermediary.csproj", "{3114693C-BFCB-46C2-BA0E-2A848BDBEB9F}"
EndProject
Project("{9A19103F-16F7-4668-BE54-9A1E7A4F7556}") = "CleanMicroserviceSystem.Intermediary.Abstraction", "CommonLibrary\Intermediary\CleanMicroserviceSystem.Intermediary.Abstraction\CleanMicroserviceSystem.Intermediary.Abstraction.csproj", "{1FB36A1A-C67F-4487-A8A9-9E61F2C4B72F}"
EndProject
Project("{2150E333-8FDC-42A3-9474-1A3956D46DE8}") = "Intermediary", "Intermediary", "{DB29E381-ED65-4DED-98D4-D2080BC9D19E}"
EndProject
Project("{2150E333-8FDC-42A3-9474-1A3956D46DE8}") = "Authentication", "Authentication", "{0943193A-7D5C-4464-9AA2-DBB4ADB9CB0E}"
EndProject
Project("{9A19103F-16F7-4668-BE54-9A1E7A4F7556}") = "CleanMicroserviceSystem.Authentication", "CommonLibrary\Authentication\CleanMicroserviceSystem.Authentication\CleanMicroserviceSystem.Authentication.csproj", "{318BFCFC-578C-4FF6-9387-D6A837A4D722}"
EndProject
Project("{2150E333-8FDC-42A3-9474-1A3956D46DE8}") = ".test", ".test", "{0FAEDF1E-C15C-49B8-B579-7E3D59D500A8}"
	ProjectSection(SolutionItems) = preProject
		..\test\CleanMicroserviceSystem_APITests.yaml = ..\test\CleanMicroserviceSystem_APITests.yaml
	EndProjectSection
EndProject
Project("{2150E333-8FDC-42A3-9474-1A3956D46DE8}") = "Gateway", "Gateway", "{B89C6B87-07AD-4241-B424-231947297DFD}"
	ProjectSection(SolutionItems) = preProject
		MicroserviceComponents\Gateway\README.md = MicroserviceComponents\Gateway\README.md
	EndProjectSection
EndProject
Project("{9A19103F-16F7-4668-BE54-9A1E7A4F7556}") = "CleanMicroserviceSystem.Uranus.WebAPI", "MicroserviceComponents\Gateway\CleanMicroserviceSystem.Uranus.WebAPI\CleanMicroserviceSystem.Uranus.WebAPI.csproj", "{BCB9C72E-F7F6-409D-8D05-954E53D576AA}"
EndProject
Project("{9A19103F-16F7-4668-BE54-9A1E7A4F7556}") = "CleanMicroserviceSystem.Uranus.Infrastructure", "MicroserviceComponents\Gateway\CleanMicroserviceSystem.Uranus.Infrastructure\CleanMicroserviceSystem.Uranus.Infrastructure.csproj", "{7B1541B3-62E9-401C-8595-A930A2C9EA73}"
EndProject
Project("{9A19103F-16F7-4668-BE54-9A1E7A4F7556}") = "CleanMicroserviceSystem.Uranus.Domain", "MicroserviceComponents\Gateway\CleanMicroserviceSystem.Uranus.Domain\CleanMicroserviceSystem.Uranus.Domain.csproj", "{FEE7704D-B2C2-4ABD-BBE9-8CA6298FD27D}"
EndProject
Project("{9A19103F-16F7-4668-BE54-9A1E7A4F7556}") = "CleanMicroserviceSystem.Uranus.Client", "MicroserviceComponents\Gateway\CleanMicroserviceSystem.Uranus.Client\CleanMicroserviceSystem.Uranus.Client.csproj", "{51DE9047-E11F-4978-86E0-A3AF2E10728C}"
EndProject
Project("{9A19103F-16F7-4668-BE54-9A1E7A4F7556}") = "CleanMicroserviceSystem.Uranus.Application", "MicroserviceComponents\Gateway\CleanMicroserviceSystem.Uranus.Application\CleanMicroserviceSystem.Uranus.Application.csproj", "{CA7FCD89-4BE5-4A1B-B7DD-4A21FD126CD5}"
EndProject
Project("{2150E333-8FDC-42A3-9474-1A3956D46DE8}") = "Gateway", "Gateway", "{C340BD65-5EF9-49E3-8067-8840D24B5BDB}"
EndProject
Project("{9A19103F-16F7-4668-BE54-9A1E7A4F7556}") = "CleanMicroserviceSystem.Gateway", "CommonLibrary\Gateway\CleanMicroserviceSystem.Gateway\CleanMicroserviceSystem.Gateway.csproj", "{F19A4BF5-BAF9-4F5C-AF04-4BF1E3ECDFB4}"
EndProject
Project("{9A19103F-16F7-4668-BE54-9A1E7A4F7556}") = "CleanMicroserviceSystem.Authentication.Domain", "CommonLibrary\Authentication\CleanMicroserviceSystem.Authentication.Domain\CleanMicroserviceSystem.Authentication.Domain.csproj", "{DEED0639-182D-4D0C-824C-678B5D11D336}"
EndProject
Project("{9A19103F-16F7-4668-BE54-9A1E7A4F7556}") = "CleanMicroserviceSystem.Aphrodite.Application", "WebUI\CleanMicroserviceSystem.Aphrodite.Application\CleanMicroserviceSystem.Aphrodite.Application.csproj", "{6B663956-0DE0-46EC-A8E1-BC669BA416BC}"
EndProject
Project("{9A19103F-16F7-4668-BE54-9A1E7A4F7556}") = "CleanMicroserviceSystem.Aphrodite.Infrastructure", "WebUI\CleanMicroserviceSystem.Aphrodite.Infrastructure\CleanMicroserviceSystem.Aphrodite.Infrastructure.csproj", "{812FB5C9-0782-4D6B-9175-82F473571B64}"
EndProject
Project("{9A19103F-16F7-4668-BE54-9A1E7A4F7556}") = "CleanMicroserviceSystem.Oceanus.Contract.Abstraction", "ServiceBoilerplate\ServiceBoilerplate.Abstraction\CleanMicroserviceSystem.Oceanus.Contract.Abstraction\CleanMicroserviceSystem.Oceanus.Contract.Abstraction.csproj", "{EB216915-821F-4651-804F-965C09DC5A94}"
EndProject
Project("{9A19103F-16F7-4668-BE54-9A1E7A4F7556}") = "CleanMicroserviceSystem.Tethys.Contract", "ServiceBoilerplate\CleanMicroserviceSystem.Tethys.Contract\CleanMicroserviceSystem.Tethys.Contract.csproj", "{643EE18F-2327-4E24-86F4-4451418A90FF}"
EndProject
Project("{9A19103F-16F7-4668-BE54-9A1E7A4F7556}") = "CleanMicroserviceSystem.Themis.Contract", "MicroserviceComponents\IdentityService\CleanMicroserviceSystem.Themis.Contract\CleanMicroserviceSystem.Themis.Contract.csproj", "{B1D91F92-F8C8-467C-8599-5ED6175727E2}"
EndProject
Project("{9A19103F-16F7-4668-BE54-9A1E7A4F7556}") = "CleanMicroserviceSystem.Authentication.Application", "CommonLibrary\Authentication\CleanMicroserviceSystem.Authentication.Application\CleanMicroserviceSystem.Authentication.Application.csproj", "{B58C62D7-D7C9-4DB8-8BA4-A2A97BCE7585}"
EndProject
Project("{9A19103F-16F7-4668-BE54-9A1E7A4F7556}") = "CleanMicroserviceSystem.Gateway.Contract", "CommonLibrary\Gateway\CleanMicroserviceSystem.Gateway.Contract\CleanMicroserviceSystem.Gateway.Contract.csproj", "{2E5105A5-6740-4747-9095-651619A9BB73}"
EndProject
Project("{2150E333-8FDC-42A3-9474-1A3956D46DE8}") = "DataStructure", "DataStructure", "{B4D7E6EC-F0FD-4E83-AD2A-98B0CFC16F62}"
EndProject
Project("{9A19103F-16F7-4668-BE54-9A1E7A4F7556}") = "CleanMicroserviceSystem.DataStructure", "CommonLibrary\DataStructure\CleanMicroserviceSystem.DataStructure\CleanMicroserviceSystem.DataStructure.csproj", "{4CAC94FA-49DD-4885-9069-63F3E83D4A16}"
EndProject
Project("{2150E333-8FDC-42A3-9474-1A3956D46DE8}") = "NuGetServer", "NuGetServer", "{23FDB838-00DE-4A6A-9D22-9216984B4696}"
	ProjectSection(SolutionItems) = preProject
		MicroserviceComponents\NuGetServer\README.md = MicroserviceComponents\NuGetServer\README.md
	EndProjectSection
EndProject
Project("{9A19103F-16F7-4668-BE54-9A1E7A4F7556}") = "CleanMicroserviceSystem.Astra.WebAPI", "MicroserviceComponents\NuGetServer\CleanMicroserviceSystem.Astra.WebAPI\CleanMicroserviceSystem.Astra.WebAPI.csproj", "{F1278812-A314-42B7-9559-3DAD8847887A}"
EndProject
Project("{9A19103F-16F7-4668-BE54-9A1E7A4F7556}") = "CleanMicroserviceSystem.Astra.Infrastructure", "MicroserviceComponents\NuGetServer\CleanMicroserviceSystem.Astra.Infrastructure\CleanMicroserviceSystem.Astra.Infrastructure.csproj", "{3C40D8A3-BDB9-4D6C-B0BE-AD4885CFC575}"
EndProject
Project("{9A19103F-16F7-4668-BE54-9A1E7A4F7556}") = "CleanMicroserviceSystem.Astra.Domain", "MicroserviceComponents\NuGetServer\CleanMicroserviceSystem.Astra.Domain\CleanMicroserviceSystem.Astra.Domain.csproj", "{500E30B2-2175-4032-812B-8088F1081970}"
EndProject
Project("{9A19103F-16F7-4668-BE54-9A1E7A4F7556}") = "CleanMicroserviceSystem.Astra.Contract", "MicroserviceComponents\NuGetServer\CleanMicroserviceSystem.Astra.Contract\CleanMicroserviceSystem.Astra.Contract.csproj", "{99D23F2F-3673-4423-83AB-005D0B6A2104}"
EndProject
Project("{9A19103F-16F7-4668-BE54-9A1E7A4F7556}") = "CleanMicroserviceSystem.Astra.Application", "MicroserviceComponents\NuGetServer\CleanMicroserviceSystem.Astra.Application\CleanMicroserviceSystem.Astra.Application.csproj", "{BCB0D073-0ABA-44AF-8800-C19C0769723B}"
EndProject
Project("{9A19103F-16F7-4668-BE54-9A1E7A4F7556}") = "CleanMicroserviceSystem.Astra.Client", "MicroserviceComponents\NuGetServer\CleanMicroserviceSystem.Astra.Client\CleanMicroserviceSystem.Astra.Client.csproj", "{BC7B9B44-7A73-4697-9E17-E20F1BA88A43}"
EndProject
Global
	GlobalSection(SolutionConfigurationPlatforms) = preSolution
		Debug|Any CPU = Debug|Any CPU
		Debug|x86 = Debug|x86
		Release|Any CPU = Release|Any CPU
		Release|x86 = Release|x86
	EndGlobalSection
	GlobalSection(ProjectConfigurationPlatforms) = postSolution
		{F60FE33D-6083-46B5-A80D-3FDF7A939AC2}.Debug|Any CPU.ActiveCfg = Debug|Any CPU
		{F60FE33D-6083-46B5-A80D-3FDF7A939AC2}.Debug|Any CPU.Build.0 = Debug|Any CPU
		{F60FE33D-6083-46B5-A80D-3FDF7A939AC2}.Debug|x86.ActiveCfg = Debug|Any CPU
		{F60FE33D-6083-46B5-A80D-3FDF7A939AC2}.Debug|x86.Build.0 = Debug|Any CPU
		{F60FE33D-6083-46B5-A80D-3FDF7A939AC2}.Release|Any CPU.ActiveCfg = Release|Any CPU
		{F60FE33D-6083-46B5-A80D-3FDF7A939AC2}.Release|Any CPU.Build.0 = Release|Any CPU
		{F60FE33D-6083-46B5-A80D-3FDF7A939AC2}.Release|x86.ActiveCfg = Release|Any CPU
		{F60FE33D-6083-46B5-A80D-3FDF7A939AC2}.Release|x86.Build.0 = Release|Any CPU
		{40C063A8-B595-4C98-A5B4-2A54E8B42EAC}.Debug|Any CPU.ActiveCfg = Debug|Any CPU
		{40C063A8-B595-4C98-A5B4-2A54E8B42EAC}.Debug|Any CPU.Build.0 = Debug|Any CPU
		{40C063A8-B595-4C98-A5B4-2A54E8B42EAC}.Debug|x86.ActiveCfg = Debug|Any CPU
		{40C063A8-B595-4C98-A5B4-2A54E8B42EAC}.Debug|x86.Build.0 = Debug|Any CPU
		{40C063A8-B595-4C98-A5B4-2A54E8B42EAC}.Release|Any CPU.ActiveCfg = Release|Any CPU
		{40C063A8-B595-4C98-A5B4-2A54E8B42EAC}.Release|Any CPU.Build.0 = Release|Any CPU
		{40C063A8-B595-4C98-A5B4-2A54E8B42EAC}.Release|x86.ActiveCfg = Release|Any CPU
		{40C063A8-B595-4C98-A5B4-2A54E8B42EAC}.Release|x86.Build.0 = Release|Any CPU
		{AB06CB3D-50D3-4394-825E-8387701AA509}.Debug|Any CPU.ActiveCfg = Debug|Any CPU
		{AB06CB3D-50D3-4394-825E-8387701AA509}.Debug|Any CPU.Build.0 = Debug|Any CPU
		{AB06CB3D-50D3-4394-825E-8387701AA509}.Debug|x86.ActiveCfg = Debug|Any CPU
		{AB06CB3D-50D3-4394-825E-8387701AA509}.Debug|x86.Build.0 = Debug|Any CPU
		{AB06CB3D-50D3-4394-825E-8387701AA509}.Release|Any CPU.ActiveCfg = Release|Any CPU
		{AB06CB3D-50D3-4394-825E-8387701AA509}.Release|Any CPU.Build.0 = Release|Any CPU
		{AB06CB3D-50D3-4394-825E-8387701AA509}.Release|x86.ActiveCfg = Release|Any CPU
		{AB06CB3D-50D3-4394-825E-8387701AA509}.Release|x86.Build.0 = Release|Any CPU
		{6EC37AD0-18D2-4E56-ACCD-7A4E819B9680}.Debug|Any CPU.ActiveCfg = Debug|Any CPU
		{6EC37AD0-18D2-4E56-ACCD-7A4E819B9680}.Debug|Any CPU.Build.0 = Debug|Any CPU
		{6EC37AD0-18D2-4E56-ACCD-7A4E819B9680}.Debug|x86.ActiveCfg = Debug|Any CPU
		{6EC37AD0-18D2-4E56-ACCD-7A4E819B9680}.Debug|x86.Build.0 = Debug|Any CPU
		{6EC37AD0-18D2-4E56-ACCD-7A4E819B9680}.Release|Any CPU.ActiveCfg = Release|Any CPU
		{6EC37AD0-18D2-4E56-ACCD-7A4E819B9680}.Release|Any CPU.Build.0 = Release|Any CPU
		{6EC37AD0-18D2-4E56-ACCD-7A4E819B9680}.Release|x86.ActiveCfg = Release|Any CPU
		{6EC37AD0-18D2-4E56-ACCD-7A4E819B9680}.Release|x86.Build.0 = Release|Any CPU
		{B13A5BF9-E488-49EA-985F-983C8A21E263}.Debug|Any CPU.ActiveCfg = Debug|Any CPU
		{B13A5BF9-E488-49EA-985F-983C8A21E263}.Debug|Any CPU.Build.0 = Debug|Any CPU
		{B13A5BF9-E488-49EA-985F-983C8A21E263}.Debug|x86.ActiveCfg = Debug|Any CPU
		{B13A5BF9-E488-49EA-985F-983C8A21E263}.Debug|x86.Build.0 = Debug|Any CPU
		{B13A5BF9-E488-49EA-985F-983C8A21E263}.Release|Any CPU.ActiveCfg = Release|Any CPU
		{B13A5BF9-E488-49EA-985F-983C8A21E263}.Release|Any CPU.Build.0 = Release|Any CPU
		{B13A5BF9-E488-49EA-985F-983C8A21E263}.Release|x86.ActiveCfg = Release|Any CPU
		{B13A5BF9-E488-49EA-985F-983C8A21E263}.Release|x86.Build.0 = Release|Any CPU
		{392C0B16-32ED-45E4-8A40-4AB613665E1D}.Debug|Any CPU.ActiveCfg = Debug|Any CPU
		{392C0B16-32ED-45E4-8A40-4AB613665E1D}.Debug|Any CPU.Build.0 = Debug|Any CPU
		{392C0B16-32ED-45E4-8A40-4AB613665E1D}.Debug|x86.ActiveCfg = Debug|Any CPU
		{392C0B16-32ED-45E4-8A40-4AB613665E1D}.Debug|x86.Build.0 = Debug|Any CPU
		{392C0B16-32ED-45E4-8A40-4AB613665E1D}.Release|Any CPU.ActiveCfg = Release|Any CPU
		{392C0B16-32ED-45E4-8A40-4AB613665E1D}.Release|Any CPU.Build.0 = Release|Any CPU
		{392C0B16-32ED-45E4-8A40-4AB613665E1D}.Release|x86.ActiveCfg = Release|Any CPU
		{392C0B16-32ED-45E4-8A40-4AB613665E1D}.Release|x86.Build.0 = Release|Any CPU
		{36A18AF7-B065-4B4C-82D3-65DB91E957B3}.Debug|Any CPU.ActiveCfg = Debug|Any CPU
		{36A18AF7-B065-4B4C-82D3-65DB91E957B3}.Debug|Any CPU.Build.0 = Debug|Any CPU
		{36A18AF7-B065-4B4C-82D3-65DB91E957B3}.Debug|x86.ActiveCfg = Debug|Any CPU
		{36A18AF7-B065-4B4C-82D3-65DB91E957B3}.Debug|x86.Build.0 = Debug|Any CPU
		{36A18AF7-B065-4B4C-82D3-65DB91E957B3}.Release|Any CPU.ActiveCfg = Release|Any CPU
		{36A18AF7-B065-4B4C-82D3-65DB91E957B3}.Release|Any CPU.Build.0 = Release|Any CPU
		{36A18AF7-B065-4B4C-82D3-65DB91E957B3}.Release|x86.ActiveCfg = Release|Any CPU
		{36A18AF7-B065-4B4C-82D3-65DB91E957B3}.Release|x86.Build.0 = Release|Any CPU
		{604156FB-94FE-4CB0-A83F-5C2964FCE51F}.Debug|Any CPU.ActiveCfg = Debug|Any CPU
		{604156FB-94FE-4CB0-A83F-5C2964FCE51F}.Debug|Any CPU.Build.0 = Debug|Any CPU
		{604156FB-94FE-4CB0-A83F-5C2964FCE51F}.Debug|x86.ActiveCfg = Debug|Any CPU
		{604156FB-94FE-4CB0-A83F-5C2964FCE51F}.Debug|x86.Build.0 = Debug|Any CPU
		{604156FB-94FE-4CB0-A83F-5C2964FCE51F}.Release|Any CPU.ActiveCfg = Release|Any CPU
		{604156FB-94FE-4CB0-A83F-5C2964FCE51F}.Release|Any CPU.Build.0 = Release|Any CPU
		{604156FB-94FE-4CB0-A83F-5C2964FCE51F}.Release|x86.ActiveCfg = Release|Any CPU
		{604156FB-94FE-4CB0-A83F-5C2964FCE51F}.Release|x86.Build.0 = Release|Any CPU
		{6B4DFF64-AE40-450B-A6DA-D77FE7421ECF}.Debug|Any CPU.ActiveCfg = Debug|Any CPU
		{6B4DFF64-AE40-450B-A6DA-D77FE7421ECF}.Debug|Any CPU.Build.0 = Debug|Any CPU
		{6B4DFF64-AE40-450B-A6DA-D77FE7421ECF}.Debug|x86.ActiveCfg = Debug|Any CPU
		{6B4DFF64-AE40-450B-A6DA-D77FE7421ECF}.Debug|x86.Build.0 = Debug|Any CPU
		{6B4DFF64-AE40-450B-A6DA-D77FE7421ECF}.Release|Any CPU.ActiveCfg = Release|Any CPU
		{6B4DFF64-AE40-450B-A6DA-D77FE7421ECF}.Release|Any CPU.Build.0 = Release|Any CPU
		{6B4DFF64-AE40-450B-A6DA-D77FE7421ECF}.Release|x86.ActiveCfg = Release|Any CPU
		{6B4DFF64-AE40-450B-A6DA-D77FE7421ECF}.Release|x86.Build.0 = Release|Any CPU
		{5E2E7EEC-6635-44DE-B154-733AE8BAB35F}.Debug|Any CPU.ActiveCfg = Debug|Any CPU
		{5E2E7EEC-6635-44DE-B154-733AE8BAB35F}.Debug|Any CPU.Build.0 = Debug|Any CPU
		{5E2E7EEC-6635-44DE-B154-733AE8BAB35F}.Debug|x86.ActiveCfg = Debug|Any CPU
		{5E2E7EEC-6635-44DE-B154-733AE8BAB35F}.Debug|x86.Build.0 = Debug|Any CPU
		{5E2E7EEC-6635-44DE-B154-733AE8BAB35F}.Release|Any CPU.ActiveCfg = Release|Any CPU
		{5E2E7EEC-6635-44DE-B154-733AE8BAB35F}.Release|Any CPU.Build.0 = Release|Any CPU
		{5E2E7EEC-6635-44DE-B154-733AE8BAB35F}.Release|x86.ActiveCfg = Release|Any CPU
		{5E2E7EEC-6635-44DE-B154-733AE8BAB35F}.Release|x86.Build.0 = Release|Any CPU
		{476703E8-8162-440F-AED5-B0BF5F1A97DB}.Debug|Any CPU.ActiveCfg = Debug|Any CPU
		{476703E8-8162-440F-AED5-B0BF5F1A97DB}.Debug|Any CPU.Build.0 = Debug|Any CPU
		{476703E8-8162-440F-AED5-B0BF5F1A97DB}.Debug|x86.ActiveCfg = Debug|Any CPU
		{476703E8-8162-440F-AED5-B0BF5F1A97DB}.Debug|x86.Build.0 = Debug|Any CPU
		{476703E8-8162-440F-AED5-B0BF5F1A97DB}.Release|Any CPU.ActiveCfg = Release|Any CPU
		{476703E8-8162-440F-AED5-B0BF5F1A97DB}.Release|Any CPU.Build.0 = Release|Any CPU
		{476703E8-8162-440F-AED5-B0BF5F1A97DB}.Release|x86.ActiveCfg = Release|Any CPU
		{476703E8-8162-440F-AED5-B0BF5F1A97DB}.Release|x86.Build.0 = Release|Any CPU
		{127CF9DE-33D1-4CCB-9943-5DE7ADD86587}.Debug|Any CPU.ActiveCfg = Debug|Any CPU
		{127CF9DE-33D1-4CCB-9943-5DE7ADD86587}.Debug|Any CPU.Build.0 = Debug|Any CPU
		{127CF9DE-33D1-4CCB-9943-5DE7ADD86587}.Debug|x86.ActiveCfg = Debug|Any CPU
		{127CF9DE-33D1-4CCB-9943-5DE7ADD86587}.Debug|x86.Build.0 = Debug|Any CPU
		{127CF9DE-33D1-4CCB-9943-5DE7ADD86587}.Release|Any CPU.ActiveCfg = Release|Any CPU
		{127CF9DE-33D1-4CCB-9943-5DE7ADD86587}.Release|Any CPU.Build.0 = Release|Any CPU
		{127CF9DE-33D1-4CCB-9943-5DE7ADD86587}.Release|x86.ActiveCfg = Release|Any CPU
		{127CF9DE-33D1-4CCB-9943-5DE7ADD86587}.Release|x86.Build.0 = Release|Any CPU
		{CAE0E9BE-6E5B-4FB3-B996-25BBC63D499C}.Debug|Any CPU.ActiveCfg = Debug|Any CPU
		{CAE0E9BE-6E5B-4FB3-B996-25BBC63D499C}.Debug|Any CPU.Build.0 = Debug|Any CPU
		{CAE0E9BE-6E5B-4FB3-B996-25BBC63D499C}.Debug|x86.ActiveCfg = Debug|Any CPU
		{CAE0E9BE-6E5B-4FB3-B996-25BBC63D499C}.Debug|x86.Build.0 = Debug|Any CPU
		{CAE0E9BE-6E5B-4FB3-B996-25BBC63D499C}.Release|Any CPU.ActiveCfg = Release|Any CPU
		{CAE0E9BE-6E5B-4FB3-B996-25BBC63D499C}.Release|Any CPU.Build.0 = Release|Any CPU
		{CAE0E9BE-6E5B-4FB3-B996-25BBC63D499C}.Release|x86.ActiveCfg = Release|Any CPU
		{CAE0E9BE-6E5B-4FB3-B996-25BBC63D499C}.Release|x86.Build.0 = Release|Any CPU
		{723C9C97-EE0E-4D57-AE93-A732B191DB98}.Debug|Any CPU.ActiveCfg = Debug|Any CPU
		{723C9C97-EE0E-4D57-AE93-A732B191DB98}.Debug|Any CPU.Build.0 = Debug|Any CPU
		{723C9C97-EE0E-4D57-AE93-A732B191DB98}.Debug|x86.ActiveCfg = Debug|Any CPU
		{723C9C97-EE0E-4D57-AE93-A732B191DB98}.Debug|x86.Build.0 = Debug|Any CPU
		{723C9C97-EE0E-4D57-AE93-A732B191DB98}.Release|Any CPU.ActiveCfg = Release|Any CPU
		{723C9C97-EE0E-4D57-AE93-A732B191DB98}.Release|Any CPU.Build.0 = Release|Any CPU
		{723C9C97-EE0E-4D57-AE93-A732B191DB98}.Release|x86.ActiveCfg = Release|Any CPU
		{723C9C97-EE0E-4D57-AE93-A732B191DB98}.Release|x86.Build.0 = Release|Any CPU
		{C72E7768-28CD-403C-AA4C-C7B8889F53B4}.Debug|Any CPU.ActiveCfg = Debug|Any CPU
		{C72E7768-28CD-403C-AA4C-C7B8889F53B4}.Debug|Any CPU.Build.0 = Debug|Any CPU
		{C72E7768-28CD-403C-AA4C-C7B8889F53B4}.Debug|x86.ActiveCfg = Debug|Any CPU
		{C72E7768-28CD-403C-AA4C-C7B8889F53B4}.Debug|x86.Build.0 = Debug|Any CPU
		{C72E7768-28CD-403C-AA4C-C7B8889F53B4}.Release|Any CPU.ActiveCfg = Release|Any CPU
		{C72E7768-28CD-403C-AA4C-C7B8889F53B4}.Release|Any CPU.Build.0 = Release|Any CPU
		{C72E7768-28CD-403C-AA4C-C7B8889F53B4}.Release|x86.ActiveCfg = Release|Any CPU
		{C72E7768-28CD-403C-AA4C-C7B8889F53B4}.Release|x86.Build.0 = Release|Any CPU
		{FB76C665-5092-488D-8771-19987CC4E29E}.Debug|Any CPU.ActiveCfg = Debug|Any CPU
		{FB76C665-5092-488D-8771-19987CC4E29E}.Debug|Any CPU.Build.0 = Debug|Any CPU
		{FB76C665-5092-488D-8771-19987CC4E29E}.Debug|x86.ActiveCfg = Debug|Any CPU
		{FB76C665-5092-488D-8771-19987CC4E29E}.Debug|x86.Build.0 = Debug|Any CPU
		{FB76C665-5092-488D-8771-19987CC4E29E}.Release|Any CPU.ActiveCfg = Release|Any CPU
		{FB76C665-5092-488D-8771-19987CC4E29E}.Release|Any CPU.Build.0 = Release|Any CPU
		{FB76C665-5092-488D-8771-19987CC4E29E}.Release|x86.ActiveCfg = Release|Any CPU
		{FB76C665-5092-488D-8771-19987CC4E29E}.Release|x86.Build.0 = Release|Any CPU
		{551452D5-C15B-4C3C-9332-FC0E4FB4AB04}.Debug|Any CPU.ActiveCfg = Debug|Any CPU
		{551452D5-C15B-4C3C-9332-FC0E4FB4AB04}.Debug|Any CPU.Build.0 = Debug|Any CPU
		{551452D5-C15B-4C3C-9332-FC0E4FB4AB04}.Debug|x86.ActiveCfg = Debug|Any CPU
		{551452D5-C15B-4C3C-9332-FC0E4FB4AB04}.Debug|x86.Build.0 = Debug|Any CPU
		{551452D5-C15B-4C3C-9332-FC0E4FB4AB04}.Release|Any CPU.ActiveCfg = Release|Any CPU
		{551452D5-C15B-4C3C-9332-FC0E4FB4AB04}.Release|Any CPU.Build.0 = Release|Any CPU
		{551452D5-C15B-4C3C-9332-FC0E4FB4AB04}.Release|x86.ActiveCfg = Release|Any CPU
		{551452D5-C15B-4C3C-9332-FC0E4FB4AB04}.Release|x86.Build.0 = Release|Any CPU
		{562C672F-F879-4AE0-9543-CBDBF02E48F2}.Debug|Any CPU.ActiveCfg = Debug|Any CPU
		{562C672F-F879-4AE0-9543-CBDBF02E48F2}.Debug|Any CPU.Build.0 = Debug|Any CPU
		{562C672F-F879-4AE0-9543-CBDBF02E48F2}.Debug|x86.ActiveCfg = Debug|Any CPU
		{562C672F-F879-4AE0-9543-CBDBF02E48F2}.Debug|x86.Build.0 = Debug|Any CPU
		{562C672F-F879-4AE0-9543-CBDBF02E48F2}.Release|Any CPU.ActiveCfg = Release|Any CPU
		{562C672F-F879-4AE0-9543-CBDBF02E48F2}.Release|Any CPU.Build.0 = Release|Any CPU
		{562C672F-F879-4AE0-9543-CBDBF02E48F2}.Release|x86.ActiveCfg = Release|Any CPU
		{562C672F-F879-4AE0-9543-CBDBF02E48F2}.Release|x86.Build.0 = Release|Any CPU
		{3114693C-BFCB-46C2-BA0E-2A848BDBEB9F}.Debug|Any CPU.ActiveCfg = Debug|Any CPU
		{3114693C-BFCB-46C2-BA0E-2A848BDBEB9F}.Debug|Any CPU.Build.0 = Debug|Any CPU
		{3114693C-BFCB-46C2-BA0E-2A848BDBEB9F}.Debug|x86.ActiveCfg = Debug|Any CPU
		{3114693C-BFCB-46C2-BA0E-2A848BDBEB9F}.Debug|x86.Build.0 = Debug|Any CPU
		{3114693C-BFCB-46C2-BA0E-2A848BDBEB9F}.Release|Any CPU.ActiveCfg = Release|Any CPU
		{3114693C-BFCB-46C2-BA0E-2A848BDBEB9F}.Release|Any CPU.Build.0 = Release|Any CPU
		{3114693C-BFCB-46C2-BA0E-2A848BDBEB9F}.Release|x86.ActiveCfg = Release|Any CPU
		{3114693C-BFCB-46C2-BA0E-2A848BDBEB9F}.Release|x86.Build.0 = Release|Any CPU
		{1FB36A1A-C67F-4487-A8A9-9E61F2C4B72F}.Debug|Any CPU.ActiveCfg = Debug|Any CPU
		{1FB36A1A-C67F-4487-A8A9-9E61F2C4B72F}.Debug|Any CPU.Build.0 = Debug|Any CPU
		{1FB36A1A-C67F-4487-A8A9-9E61F2C4B72F}.Debug|x86.ActiveCfg = Debug|Any CPU
		{1FB36A1A-C67F-4487-A8A9-9E61F2C4B72F}.Debug|x86.Build.0 = Debug|Any CPU
		{1FB36A1A-C67F-4487-A8A9-9E61F2C4B72F}.Release|Any CPU.ActiveCfg = Release|Any CPU
		{1FB36A1A-C67F-4487-A8A9-9E61F2C4B72F}.Release|Any CPU.Build.0 = Release|Any CPU
		{1FB36A1A-C67F-4487-A8A9-9E61F2C4B72F}.Release|x86.ActiveCfg = Release|Any CPU
		{1FB36A1A-C67F-4487-A8A9-9E61F2C4B72F}.Release|x86.Build.0 = Release|Any CPU
		{318BFCFC-578C-4FF6-9387-D6A837A4D722}.Debug|Any CPU.ActiveCfg = Debug|Any CPU
		{318BFCFC-578C-4FF6-9387-D6A837A4D722}.Debug|Any CPU.Build.0 = Debug|Any CPU
		{318BFCFC-578C-4FF6-9387-D6A837A4D722}.Debug|x86.ActiveCfg = Debug|Any CPU
		{318BFCFC-578C-4FF6-9387-D6A837A4D722}.Debug|x86.Build.0 = Debug|Any CPU
		{318BFCFC-578C-4FF6-9387-D6A837A4D722}.Release|Any CPU.ActiveCfg = Release|Any CPU
		{318BFCFC-578C-4FF6-9387-D6A837A4D722}.Release|Any CPU.Build.0 = Release|Any CPU
		{318BFCFC-578C-4FF6-9387-D6A837A4D722}.Release|x86.ActiveCfg = Release|Any CPU
		{318BFCFC-578C-4FF6-9387-D6A837A4D722}.Release|x86.Build.0 = Release|Any CPU
		{BCB9C72E-F7F6-409D-8D05-954E53D576AA}.Debug|Any CPU.ActiveCfg = Debug|Any CPU
		{BCB9C72E-F7F6-409D-8D05-954E53D576AA}.Debug|Any CPU.Build.0 = Debug|Any CPU
		{BCB9C72E-F7F6-409D-8D05-954E53D576AA}.Debug|x86.ActiveCfg = Debug|Any CPU
		{BCB9C72E-F7F6-409D-8D05-954E53D576AA}.Debug|x86.Build.0 = Debug|Any CPU
		{BCB9C72E-F7F6-409D-8D05-954E53D576AA}.Release|Any CPU.ActiveCfg = Release|Any CPU
		{BCB9C72E-F7F6-409D-8D05-954E53D576AA}.Release|Any CPU.Build.0 = Release|Any CPU
		{BCB9C72E-F7F6-409D-8D05-954E53D576AA}.Release|x86.ActiveCfg = Release|Any CPU
		{BCB9C72E-F7F6-409D-8D05-954E53D576AA}.Release|x86.Build.0 = Release|Any CPU
		{7B1541B3-62E9-401C-8595-A930A2C9EA73}.Debug|Any CPU.ActiveCfg = Debug|Any CPU
		{7B1541B3-62E9-401C-8595-A930A2C9EA73}.Debug|Any CPU.Build.0 = Debug|Any CPU
		{7B1541B3-62E9-401C-8595-A930A2C9EA73}.Debug|x86.ActiveCfg = Debug|Any CPU
		{7B1541B3-62E9-401C-8595-A930A2C9EA73}.Debug|x86.Build.0 = Debug|Any CPU
		{7B1541B3-62E9-401C-8595-A930A2C9EA73}.Release|Any CPU.ActiveCfg = Release|Any CPU
		{7B1541B3-62E9-401C-8595-A930A2C9EA73}.Release|Any CPU.Build.0 = Release|Any CPU
		{7B1541B3-62E9-401C-8595-A930A2C9EA73}.Release|x86.ActiveCfg = Release|Any CPU
		{7B1541B3-62E9-401C-8595-A930A2C9EA73}.Release|x86.Build.0 = Release|Any CPU
		{FEE7704D-B2C2-4ABD-BBE9-8CA6298FD27D}.Debug|Any CPU.ActiveCfg = Debug|Any CPU
		{FEE7704D-B2C2-4ABD-BBE9-8CA6298FD27D}.Debug|Any CPU.Build.0 = Debug|Any CPU
		{FEE7704D-B2C2-4ABD-BBE9-8CA6298FD27D}.Debug|x86.ActiveCfg = Debug|Any CPU
		{FEE7704D-B2C2-4ABD-BBE9-8CA6298FD27D}.Debug|x86.Build.0 = Debug|Any CPU
		{FEE7704D-B2C2-4ABD-BBE9-8CA6298FD27D}.Release|Any CPU.ActiveCfg = Release|Any CPU
		{FEE7704D-B2C2-4ABD-BBE9-8CA6298FD27D}.Release|Any CPU.Build.0 = Release|Any CPU
		{FEE7704D-B2C2-4ABD-BBE9-8CA6298FD27D}.Release|x86.ActiveCfg = Release|Any CPU
		{FEE7704D-B2C2-4ABD-BBE9-8CA6298FD27D}.Release|x86.Build.0 = Release|Any CPU
		{51DE9047-E11F-4978-86E0-A3AF2E10728C}.Debug|Any CPU.ActiveCfg = Debug|Any CPU
		{51DE9047-E11F-4978-86E0-A3AF2E10728C}.Debug|Any CPU.Build.0 = Debug|Any CPU
		{51DE9047-E11F-4978-86E0-A3AF2E10728C}.Debug|x86.ActiveCfg = Debug|Any CPU
		{51DE9047-E11F-4978-86E0-A3AF2E10728C}.Debug|x86.Build.0 = Debug|Any CPU
		{51DE9047-E11F-4978-86E0-A3AF2E10728C}.Release|Any CPU.ActiveCfg = Release|Any CPU
		{51DE9047-E11F-4978-86E0-A3AF2E10728C}.Release|Any CPU.Build.0 = Release|Any CPU
		{51DE9047-E11F-4978-86E0-A3AF2E10728C}.Release|x86.ActiveCfg = Release|Any CPU
		{51DE9047-E11F-4978-86E0-A3AF2E10728C}.Release|x86.Build.0 = Release|Any CPU
		{CA7FCD89-4BE5-4A1B-B7DD-4A21FD126CD5}.Debug|Any CPU.ActiveCfg = Debug|Any CPU
		{CA7FCD89-4BE5-4A1B-B7DD-4A21FD126CD5}.Debug|Any CPU.Build.0 = Debug|Any CPU
		{CA7FCD89-4BE5-4A1B-B7DD-4A21FD126CD5}.Debug|x86.ActiveCfg = Debug|Any CPU
		{CA7FCD89-4BE5-4A1B-B7DD-4A21FD126CD5}.Debug|x86.Build.0 = Debug|Any CPU
		{CA7FCD89-4BE5-4A1B-B7DD-4A21FD126CD5}.Release|Any CPU.ActiveCfg = Release|Any CPU
		{CA7FCD89-4BE5-4A1B-B7DD-4A21FD126CD5}.Release|Any CPU.Build.0 = Release|Any CPU
		{CA7FCD89-4BE5-4A1B-B7DD-4A21FD126CD5}.Release|x86.ActiveCfg = Release|Any CPU
		{CA7FCD89-4BE5-4A1B-B7DD-4A21FD126CD5}.Release|x86.Build.0 = Release|Any CPU
		{F19A4BF5-BAF9-4F5C-AF04-4BF1E3ECDFB4}.Debug|Any CPU.ActiveCfg = Debug|Any CPU
		{F19A4BF5-BAF9-4F5C-AF04-4BF1E3ECDFB4}.Debug|Any CPU.Build.0 = Debug|Any CPU
		{F19A4BF5-BAF9-4F5C-AF04-4BF1E3ECDFB4}.Debug|x86.ActiveCfg = Debug|Any CPU
		{F19A4BF5-BAF9-4F5C-AF04-4BF1E3ECDFB4}.Debug|x86.Build.0 = Debug|Any CPU
		{F19A4BF5-BAF9-4F5C-AF04-4BF1E3ECDFB4}.Release|Any CPU.ActiveCfg = Release|Any CPU
		{F19A4BF5-BAF9-4F5C-AF04-4BF1E3ECDFB4}.Release|Any CPU.Build.0 = Release|Any CPU
		{F19A4BF5-BAF9-4F5C-AF04-4BF1E3ECDFB4}.Release|x86.ActiveCfg = Release|Any CPU
		{F19A4BF5-BAF9-4F5C-AF04-4BF1E3ECDFB4}.Release|x86.Build.0 = Release|Any CPU
		{DEED0639-182D-4D0C-824C-678B5D11D336}.Debug|Any CPU.ActiveCfg = Debug|Any CPU
		{DEED0639-182D-4D0C-824C-678B5D11D336}.Debug|Any CPU.Build.0 = Debug|Any CPU
		{DEED0639-182D-4D0C-824C-678B5D11D336}.Debug|x86.ActiveCfg = Debug|Any CPU
		{DEED0639-182D-4D0C-824C-678B5D11D336}.Debug|x86.Build.0 = Debug|Any CPU
		{DEED0639-182D-4D0C-824C-678B5D11D336}.Release|Any CPU.ActiveCfg = Release|Any CPU
		{DEED0639-182D-4D0C-824C-678B5D11D336}.Release|Any CPU.Build.0 = Release|Any CPU
		{DEED0639-182D-4D0C-824C-678B5D11D336}.Release|x86.ActiveCfg = Release|Any CPU
		{DEED0639-182D-4D0C-824C-678B5D11D336}.Release|x86.Build.0 = Release|Any CPU
		{6B663956-0DE0-46EC-A8E1-BC669BA416BC}.Debug|Any CPU.ActiveCfg = Debug|Any CPU
		{6B663956-0DE0-46EC-A8E1-BC669BA416BC}.Debug|Any CPU.Build.0 = Debug|Any CPU
		{6B663956-0DE0-46EC-A8E1-BC669BA416BC}.Debug|x86.ActiveCfg = Debug|Any CPU
		{6B663956-0DE0-46EC-A8E1-BC669BA416BC}.Debug|x86.Build.0 = Debug|Any CPU
		{6B663956-0DE0-46EC-A8E1-BC669BA416BC}.Release|Any CPU.ActiveCfg = Release|Any CPU
		{6B663956-0DE0-46EC-A8E1-BC669BA416BC}.Release|Any CPU.Build.0 = Release|Any CPU
		{6B663956-0DE0-46EC-A8E1-BC669BA416BC}.Release|x86.ActiveCfg = Release|Any CPU
		{6B663956-0DE0-46EC-A8E1-BC669BA416BC}.Release|x86.Build.0 = Release|Any CPU
		{812FB5C9-0782-4D6B-9175-82F473571B64}.Debug|Any CPU.ActiveCfg = Debug|Any CPU
		{812FB5C9-0782-4D6B-9175-82F473571B64}.Debug|Any CPU.Build.0 = Debug|Any CPU
		{812FB5C9-0782-4D6B-9175-82F473571B64}.Debug|x86.ActiveCfg = Debug|Any CPU
		{812FB5C9-0782-4D6B-9175-82F473571B64}.Debug|x86.Build.0 = Debug|Any CPU
		{812FB5C9-0782-4D6B-9175-82F473571B64}.Release|Any CPU.ActiveCfg = Release|Any CPU
		{812FB5C9-0782-4D6B-9175-82F473571B64}.Release|Any CPU.Build.0 = Release|Any CPU
		{812FB5C9-0782-4D6B-9175-82F473571B64}.Release|x86.ActiveCfg = Release|Any CPU
		{812FB5C9-0782-4D6B-9175-82F473571B64}.Release|x86.Build.0 = Release|Any CPU
		{EB216915-821F-4651-804F-965C09DC5A94}.Debug|Any CPU.ActiveCfg = Debug|Any CPU
		{EB216915-821F-4651-804F-965C09DC5A94}.Debug|Any CPU.Build.0 = Debug|Any CPU
		{EB216915-821F-4651-804F-965C09DC5A94}.Debug|x86.ActiveCfg = Debug|Any CPU
		{EB216915-821F-4651-804F-965C09DC5A94}.Debug|x86.Build.0 = Debug|Any CPU
		{EB216915-821F-4651-804F-965C09DC5A94}.Release|Any CPU.ActiveCfg = Release|Any CPU
		{EB216915-821F-4651-804F-965C09DC5A94}.Release|Any CPU.Build.0 = Release|Any CPU
		{EB216915-821F-4651-804F-965C09DC5A94}.Release|x86.ActiveCfg = Release|Any CPU
		{EB216915-821F-4651-804F-965C09DC5A94}.Release|x86.Build.0 = Release|Any CPU
		{643EE18F-2327-4E24-86F4-4451418A90FF}.Debug|Any CPU.ActiveCfg = Debug|Any CPU
		{643EE18F-2327-4E24-86F4-4451418A90FF}.Debug|Any CPU.Build.0 = Debug|Any CPU
		{643EE18F-2327-4E24-86F4-4451418A90FF}.Debug|x86.ActiveCfg = Debug|Any CPU
		{643EE18F-2327-4E24-86F4-4451418A90FF}.Debug|x86.Build.0 = Debug|Any CPU
		{643EE18F-2327-4E24-86F4-4451418A90FF}.Release|Any CPU.ActiveCfg = Release|Any CPU
		{643EE18F-2327-4E24-86F4-4451418A90FF}.Release|Any CPU.Build.0 = Release|Any CPU
		{643EE18F-2327-4E24-86F4-4451418A90FF}.Release|x86.ActiveCfg = Release|Any CPU
		{643EE18F-2327-4E24-86F4-4451418A90FF}.Release|x86.Build.0 = Release|Any CPU
		{B1D91F92-F8C8-467C-8599-5ED6175727E2}.Debug|Any CPU.ActiveCfg = Debug|Any CPU
		{B1D91F92-F8C8-467C-8599-5ED6175727E2}.Debug|Any CPU.Build.0 = Debug|Any CPU
		{B1D91F92-F8C8-467C-8599-5ED6175727E2}.Debug|x86.ActiveCfg = Debug|Any CPU
		{B1D91F92-F8C8-467C-8599-5ED6175727E2}.Debug|x86.Build.0 = Debug|Any CPU
		{B1D91F92-F8C8-467C-8599-5ED6175727E2}.Release|Any CPU.ActiveCfg = Release|Any CPU
		{B1D91F92-F8C8-467C-8599-5ED6175727E2}.Release|Any CPU.Build.0 = Release|Any CPU
		{B1D91F92-F8C8-467C-8599-5ED6175727E2}.Release|x86.ActiveCfg = Release|Any CPU
		{B1D91F92-F8C8-467C-8599-5ED6175727E2}.Release|x86.Build.0 = Release|Any CPU
		{B58C62D7-D7C9-4DB8-8BA4-A2A97BCE7585}.Debug|Any CPU.ActiveCfg = Debug|Any CPU
		{B58C62D7-D7C9-4DB8-8BA4-A2A97BCE7585}.Debug|Any CPU.Build.0 = Debug|Any CPU
		{B58C62D7-D7C9-4DB8-8BA4-A2A97BCE7585}.Debug|x86.ActiveCfg = Debug|Any CPU
		{B58C62D7-D7C9-4DB8-8BA4-A2A97BCE7585}.Debug|x86.Build.0 = Debug|Any CPU
		{B58C62D7-D7C9-4DB8-8BA4-A2A97BCE7585}.Release|Any CPU.ActiveCfg = Release|Any CPU
		{B58C62D7-D7C9-4DB8-8BA4-A2A97BCE7585}.Release|Any CPU.Build.0 = Release|Any CPU
		{B58C62D7-D7C9-4DB8-8BA4-A2A97BCE7585}.Release|x86.ActiveCfg = Release|Any CPU
		{B58C62D7-D7C9-4DB8-8BA4-A2A97BCE7585}.Release|x86.Build.0 = Release|Any CPU
		{2E5105A5-6740-4747-9095-651619A9BB73}.Debug|Any CPU.ActiveCfg = Debug|Any CPU
		{2E5105A5-6740-4747-9095-651619A9BB73}.Debug|Any CPU.Build.0 = Debug|Any CPU
		{2E5105A5-6740-4747-9095-651619A9BB73}.Debug|x86.ActiveCfg = Debug|Any CPU
		{2E5105A5-6740-4747-9095-651619A9BB73}.Debug|x86.Build.0 = Debug|Any CPU
		{2E5105A5-6740-4747-9095-651619A9BB73}.Release|Any CPU.ActiveCfg = Release|Any CPU
		{2E5105A5-6740-4747-9095-651619A9BB73}.Release|Any CPU.Build.0 = Release|Any CPU
		{2E5105A5-6740-4747-9095-651619A9BB73}.Release|x86.ActiveCfg = Release|Any CPU
		{2E5105A5-6740-4747-9095-651619A9BB73}.Release|x86.Build.0 = Release|Any CPU
		{4CAC94FA-49DD-4885-9069-63F3E83D4A16}.Debug|Any CPU.ActiveCfg = Debug|Any CPU
		{4CAC94FA-49DD-4885-9069-63F3E83D4A16}.Debug|Any CPU.Build.0 = Debug|Any CPU
		{4CAC94FA-49DD-4885-9069-63F3E83D4A16}.Debug|x86.ActiveCfg = Debug|Any CPU
		{4CAC94FA-49DD-4885-9069-63F3E83D4A16}.Debug|x86.Build.0 = Debug|Any CPU
		{4CAC94FA-49DD-4885-9069-63F3E83D4A16}.Release|Any CPU.ActiveCfg = Release|Any CPU
		{4CAC94FA-49DD-4885-9069-63F3E83D4A16}.Release|Any CPU.Build.0 = Release|Any CPU
		{4CAC94FA-49DD-4885-9069-63F3E83D4A16}.Release|x86.ActiveCfg = Release|Any CPU
		{4CAC94FA-49DD-4885-9069-63F3E83D4A16}.Release|x86.Build.0 = Release|Any CPU
		{F1278812-A314-42B7-9559-3DAD8847887A}.Debug|Any CPU.ActiveCfg = Debug|Any CPU
		{F1278812-A314-42B7-9559-3DAD8847887A}.Debug|Any CPU.Build.0 = Debug|Any CPU
		{F1278812-A314-42B7-9559-3DAD8847887A}.Debug|x86.ActiveCfg = Debug|Any CPU
		{F1278812-A314-42B7-9559-3DAD8847887A}.Debug|x86.Build.0 = Debug|Any CPU
		{F1278812-A314-42B7-9559-3DAD8847887A}.Release|Any CPU.ActiveCfg = Release|Any CPU
		{F1278812-A314-42B7-9559-3DAD8847887A}.Release|Any CPU.Build.0 = Release|Any CPU
		{F1278812-A314-42B7-9559-3DAD8847887A}.Release|x86.ActiveCfg = Release|Any CPU
		{F1278812-A314-42B7-9559-3DAD8847887A}.Release|x86.Build.0 = Release|Any CPU
		{3C40D8A3-BDB9-4D6C-B0BE-AD4885CFC575}.Debug|Any CPU.ActiveCfg = Debug|Any CPU
		{3C40D8A3-BDB9-4D6C-B0BE-AD4885CFC575}.Debug|Any CPU.Build.0 = Debug|Any CPU
		{3C40D8A3-BDB9-4D6C-B0BE-AD4885CFC575}.Debug|x86.ActiveCfg = Debug|Any CPU
		{3C40D8A3-BDB9-4D6C-B0BE-AD4885CFC575}.Debug|x86.Build.0 = Debug|Any CPU
		{3C40D8A3-BDB9-4D6C-B0BE-AD4885CFC575}.Release|Any CPU.ActiveCfg = Release|Any CPU
		{3C40D8A3-BDB9-4D6C-B0BE-AD4885CFC575}.Release|Any CPU.Build.0 = Release|Any CPU
		{3C40D8A3-BDB9-4D6C-B0BE-AD4885CFC575}.Release|x86.ActiveCfg = Release|Any CPU
		{3C40D8A3-BDB9-4D6C-B0BE-AD4885CFC575}.Release|x86.Build.0 = Release|Any CPU
		{500E30B2-2175-4032-812B-8088F1081970}.Debug|Any CPU.ActiveCfg = Debug|Any CPU
		{500E30B2-2175-4032-812B-8088F1081970}.Debug|Any CPU.Build.0 = Debug|Any CPU
		{500E30B2-2175-4032-812B-8088F1081970}.Debug|x86.ActiveCfg = Debug|Any CPU
		{500E30B2-2175-4032-812B-8088F1081970}.Debug|x86.Build.0 = Debug|Any CPU
		{500E30B2-2175-4032-812B-8088F1081970}.Release|Any CPU.ActiveCfg = Release|Any CPU
		{500E30B2-2175-4032-812B-8088F1081970}.Release|Any CPU.Build.0 = Release|Any CPU
		{500E30B2-2175-4032-812B-8088F1081970}.Release|x86.ActiveCfg = Release|Any CPU
		{500E30B2-2175-4032-812B-8088F1081970}.Release|x86.Build.0 = Release|Any CPU
		{99D23F2F-3673-4423-83AB-005D0B6A2104}.Debug|Any CPU.ActiveCfg = Debug|Any CPU
		{99D23F2F-3673-4423-83AB-005D0B6A2104}.Debug|Any CPU.Build.0 = Debug|Any CPU
		{99D23F2F-3673-4423-83AB-005D0B6A2104}.Debug|x86.ActiveCfg = Debug|Any CPU
		{99D23F2F-3673-4423-83AB-005D0B6A2104}.Debug|x86.Build.0 = Debug|Any CPU
		{99D23F2F-3673-4423-83AB-005D0B6A2104}.Release|Any CPU.ActiveCfg = Release|Any CPU
		{99D23F2F-3673-4423-83AB-005D0B6A2104}.Release|Any CPU.Build.0 = Release|Any CPU
		{99D23F2F-3673-4423-83AB-005D0B6A2104}.Release|x86.ActiveCfg = Release|Any CPU
		{99D23F2F-3673-4423-83AB-005D0B6A2104}.Release|x86.Build.0 = Release|Any CPU
		{BCB0D073-0ABA-44AF-8800-C19C0769723B}.Debug|Any CPU.ActiveCfg = Debug|Any CPU
		{BCB0D073-0ABA-44AF-8800-C19C0769723B}.Debug|Any CPU.Build.0 = Debug|Any CPU
		{BCB0D073-0ABA-44AF-8800-C19C0769723B}.Debug|x86.ActiveCfg = Debug|Any CPU
		{BCB0D073-0ABA-44AF-8800-C19C0769723B}.Debug|x86.Build.0 = Debug|Any CPU
		{BCB0D073-0ABA-44AF-8800-C19C0769723B}.Release|Any CPU.ActiveCfg = Release|Any CPU
		{BCB0D073-0ABA-44AF-8800-C19C0769723B}.Release|Any CPU.Build.0 = Release|Any CPU
		{BCB0D073-0ABA-44AF-8800-C19C0769723B}.Release|x86.ActiveCfg = Release|Any CPU
		{BCB0D073-0ABA-44AF-8800-C19C0769723B}.Release|x86.Build.0 = Release|Any CPU
		{BC7B9B44-7A73-4697-9E17-E20F1BA88A43}.Debug|Any CPU.ActiveCfg = Debug|Any CPU
		{BC7B9B44-7A73-4697-9E17-E20F1BA88A43}.Debug|Any CPU.Build.0 = Debug|Any CPU
		{BC7B9B44-7A73-4697-9E17-E20F1BA88A43}.Debug|x86.ActiveCfg = Debug|Any CPU
		{BC7B9B44-7A73-4697-9E17-E20F1BA88A43}.Debug|x86.Build.0 = Debug|Any CPU
		{BC7B9B44-7A73-4697-9E17-E20F1BA88A43}.Release|Any CPU.ActiveCfg = Release|Any CPU
		{BC7B9B44-7A73-4697-9E17-E20F1BA88A43}.Release|Any CPU.Build.0 = Release|Any CPU
		{BC7B9B44-7A73-4697-9E17-E20F1BA88A43}.Release|x86.ActiveCfg = Release|Any CPU
		{BC7B9B44-7A73-4697-9E17-E20F1BA88A43}.Release|x86.Build.0 = Release|Any CPU
	EndGlobalSection
	GlobalSection(SolutionProperties) = preSolution
		HideSolutionNode = FALSE
	EndGlobalSection
	GlobalSection(NestedProjects) = preSolution
		{F60FE33D-6083-46B5-A80D-3FDF7A939AC2} = {DE964A1C-4E97-4249-8239-41FD53736B62}
		{40C063A8-B595-4C98-A5B4-2A54E8B42EAC} = {DE964A1C-4E97-4249-8239-41FD53736B62}
		{AB06CB3D-50D3-4394-825E-8387701AA509} = {DE964A1C-4E97-4249-8239-41FD53736B62}
		{6EC37AD0-18D2-4E56-ACCD-7A4E819B9680} = {AB268A40-1B21-4364-94CF-F626BD664F99}
		{B13A5BF9-E488-49EA-985F-983C8A21E263} = {AB268A40-1B21-4364-94CF-F626BD664F99}
		{392C0B16-32ED-45E4-8A40-4AB613665E1D} = {AB268A40-1B21-4364-94CF-F626BD664F99}
		{36A18AF7-B065-4B4C-82D3-65DB91E957B3} = {AB268A40-1B21-4364-94CF-F626BD664F99}
		{604156FB-94FE-4CB0-A83F-5C2964FCE51F} = {AB268A40-1B21-4364-94CF-F626BD664F99}
		{6B4DFF64-AE40-450B-A6DA-D77FE7421ECF} = {057AEB14-2D18-4B84-A707-982A405600A3}
		{5E2E7EEC-6635-44DE-B154-733AE8BAB35F} = {057AEB14-2D18-4B84-A707-982A405600A3}
		{476703E8-8162-440F-AED5-B0BF5F1A97DB} = {057AEB14-2D18-4B84-A707-982A405600A3}
		{127CF9DE-33D1-4CCB-9943-5DE7ADD86587} = {057AEB14-2D18-4B84-A707-982A405600A3}
		{CAE0E9BE-6E5B-4FB3-B996-25BBC63D499C} = {057AEB14-2D18-4B84-A707-982A405600A3}
		{65AA7E50-47CF-4AA9-82F9-C1BB5926A81A} = {5B1F846E-EADB-49F2-9B23-12A25E4EC17D}
		{723C9C97-EE0E-4D57-AE93-A732B191DB98} = {65AA7E50-47CF-4AA9-82F9-C1BB5926A81A}
		{C72E7768-28CD-403C-AA4C-C7B8889F53B4} = {65AA7E50-47CF-4AA9-82F9-C1BB5926A81A}
		{FB76C665-5092-488D-8771-19987CC4E29E} = {65AA7E50-47CF-4AA9-82F9-C1BB5926A81A}
		{551452D5-C15B-4C3C-9332-FC0E4FB4AB04} = {65AA7E50-47CF-4AA9-82F9-C1BB5926A81A}
		{562C672F-F879-4AE0-9543-CBDBF02E48F2} = {65AA7E50-47CF-4AA9-82F9-C1BB5926A81A}
		{5818860A-FF2A-4DA7-9F85-6219C3345685} = {6D78C1E7-4668-411B-8718-0762B00690E3}
		{057AEB14-2D18-4B84-A707-982A405600A3} = {AB268A40-1B21-4364-94CF-F626BD664F99}
		{3114693C-BFCB-46C2-BA0E-2A848BDBEB9F} = {DB29E381-ED65-4DED-98D4-D2080BC9D19E}
		{1FB36A1A-C67F-4487-A8A9-9E61F2C4B72F} = {DB29E381-ED65-4DED-98D4-D2080BC9D19E}
		{DB29E381-ED65-4DED-98D4-D2080BC9D19E} = {ADEF00F4-7359-4188-AC22-108E3C82205D}
		{0943193A-7D5C-4464-9AA2-DBB4ADB9CB0E} = {ADEF00F4-7359-4188-AC22-108E3C82205D}
		{318BFCFC-578C-4FF6-9387-D6A837A4D722} = {0943193A-7D5C-4464-9AA2-DBB4ADB9CB0E}
		{B89C6B87-07AD-4241-B424-231947297DFD} = {5B1F846E-EADB-49F2-9B23-12A25E4EC17D}
		{BCB9C72E-F7F6-409D-8D05-954E53D576AA} = {B89C6B87-07AD-4241-B424-231947297DFD}
		{7B1541B3-62E9-401C-8595-A930A2C9EA73} = {B89C6B87-07AD-4241-B424-231947297DFD}
		{FEE7704D-B2C2-4ABD-BBE9-8CA6298FD27D} = {B89C6B87-07AD-4241-B424-231947297DFD}
		{51DE9047-E11F-4978-86E0-A3AF2E10728C} = {B89C6B87-07AD-4241-B424-231947297DFD}
		{CA7FCD89-4BE5-4A1B-B7DD-4A21FD126CD5} = {B89C6B87-07AD-4241-B424-231947297DFD}
		{C340BD65-5EF9-49E3-8067-8840D24B5BDB} = {ADEF00F4-7359-4188-AC22-108E3C82205D}
		{F19A4BF5-BAF9-4F5C-AF04-4BF1E3ECDFB4} = {C340BD65-5EF9-49E3-8067-8840D24B5BDB}
		{DEED0639-182D-4D0C-824C-678B5D11D336} = {0943193A-7D5C-4464-9AA2-DBB4ADB9CB0E}
		{6B663956-0DE0-46EC-A8E1-BC669BA416BC} = {DE964A1C-4E97-4249-8239-41FD53736B62}
		{812FB5C9-0782-4D6B-9175-82F473571B64} = {DE964A1C-4E97-4249-8239-41FD53736B62}
		{EB216915-821F-4651-804F-965C09DC5A94} = {057AEB14-2D18-4B84-A707-982A405600A3}
		{643EE18F-2327-4E24-86F4-4451418A90FF} = {AB268A40-1B21-4364-94CF-F626BD664F99}
		{B1D91F92-F8C8-467C-8599-5ED6175727E2} = {65AA7E50-47CF-4AA9-82F9-C1BB5926A81A}
		{B58C62D7-D7C9-4DB8-8BA4-A2A97BCE7585} = {0943193A-7D5C-4464-9AA2-DBB4ADB9CB0E}
		{2E5105A5-6740-4747-9095-651619A9BB73} = {C340BD65-5EF9-49E3-8067-8840D24B5BDB}
		{B4D7E6EC-F0FD-4E83-AD2A-98B0CFC16F62} = {ADEF00F4-7359-4188-AC22-108E3C82205D}
		{4CAC94FA-49DD-4885-9069-63F3E83D4A16} = {B4D7E6EC-F0FD-4E83-AD2A-98B0CFC16F62}
		{23FDB838-00DE-4A6A-9D22-9216984B4696} = {5B1F846E-EADB-49F2-9B23-12A25E4EC17D}
		{F1278812-A314-42B7-9559-3DAD8847887A} = {23FDB838-00DE-4A6A-9D22-9216984B4696}
		{3C40D8A3-BDB9-4D6C-B0BE-AD4885CFC575} = {23FDB838-00DE-4A6A-9D22-9216984B4696}
		{500E30B2-2175-4032-812B-8088F1081970} = {23FDB838-00DE-4A6A-9D22-9216984B4696}
		{99D23F2F-3673-4423-83AB-005D0B6A2104} = {23FDB838-00DE-4A6A-9D22-9216984B4696}
		{BCB0D073-0ABA-44AF-8800-C19C0769723B} = {23FDB838-00DE-4A6A-9D22-9216984B4696}
		{BC7B9B44-7A73-4697-9E17-E20F1BA88A43} = {23FDB838-00DE-4A6A-9D22-9216984B4696}
	EndGlobalSection
	GlobalSection(ExtensibilityGlobals) = postSolution
		SolutionGuid = {85A4FEC3-D669-4E54-94D9-D259A5DECB54}
	EndGlobalSection
EndGlobal
