
Microsoft Visual Studio Solution File, Format Version 12.00
# Visual Studio Version 17
VisualStudioVersion = 17.2.32630.192
MinimumVisualStudioVersion = 10.0.40219.1
Project("{9A19103F-16F7-4668-BE54-9A1E7A4F7556}") = "CleanMicroserviceSystem.WebApp.Host", "CleanMicroserviceSystem.WebApp.Host\CleanMicroserviceSystem.WebApp.Host.csproj", "{F60FE33D-6083-46B5-A80D-3FDF7A939AC2}"
EndProject
Project("{9A19103F-16F7-4668-BE54-9A1E7A4F7556}") = "CleanMicroserviceSystem.WebApp", "CleanMicroserviceSystem.WebApp\CleanMicroserviceSystem.WebApp.csproj", "{40C063A8-B595-4C98-A5B4-2A54E8B42EAC}"
EndProject
Project("{9A19103F-16F7-4668-BE54-9A1E7A4F7556}") = "CleanMicroserviceSystem.WebApp.Contract", "CleanMicroserviceSystem.WebApp.Contract\CleanMicroserviceSystem.WebApp.Contract.csproj", "{AB06CB3D-50D3-4394-825E-8387701AA509}"
EndProject
Project("{2150E333-8FDC-42A3-9474-1A3956D46DE8}") = "CommonLibrary", "CommonLibrary", "{ADEF00F4-7359-4188-AC22-108E3C82205D}"
EndProject
Project("{2150E333-8FDC-42A3-9474-1A3956D46DE8}") = "TemplateService", "TemplateService", "{AB268A40-1B21-4364-94CF-F626BD664F99}"
EndProject
Project("{2150E333-8FDC-42A3-9474-1A3956D46DE8}") = "WebApp", "WebApp", "{DE964A1C-4E97-4249-8239-41FD53736B62}"
EndProject
Project("{FAE04EC0-301F-11D3-BF4B-00C04F79EFBC}") = "CleanMicroserviceSystem.TemplateService.WebAPI", "CleanMicroserviceSystem.TemplateService.WebAPI\CleanMicroserviceSystem.TemplateService.WebAPI.csproj", "{6EC37AD0-18D2-4E56-ACCD-7A4E819B9680}"
EndProject
Project("{FAE04EC0-301F-11D3-BF4B-00C04F79EFBC}") = "CleanMicroserviceSystem.TemplateService.Domain", "CleanMicroserviceSystem.TemplateService.Domain\CleanMicroserviceSystem.TemplateService.Domain.csproj", "{B13A5BF9-E488-49EA-985F-983C8A21E263}"
EndProject
Project("{FAE04EC0-301F-11D3-BF4B-00C04F79EFBC}") = "CleanMicroserviceSystem.TemplateService.Application", "CleanMicroserviceSystem.TemplateService.Application\CleanMicroserviceSystem.TemplateService.Application.csproj", "{392C0B16-32ED-45E4-8A40-4AB613665E1D}"
EndProject
Project("{FAE04EC0-301F-11D3-BF4B-00C04F79EFBC}") = "CleanMicroserviceSystem.TemplateService.Infrastructure", "CleanMicroserviceSystem.TemplateService.Infrastructure\CleanMicroserviceSystem.TemplateService.Infrastructure.csproj", "{36A18AF7-B065-4B4C-82D3-65DB91E957B3}"
EndProject
Project("{FAE04EC0-301F-11D3-BF4B-00C04F79EFBC}") = "CleanMicroserviceSystem.TemplateService.Client", "CleanMicroserviceSystem.TemplateService.Client\CleanMicroserviceSystem.TemplateService.Client.csproj", "{604156FB-94FE-4CB0-A83F-5C2964FCE51F}"
EndProject
Project("{FAE04EC0-301F-11D3-BF4B-00C04F79EFBC}") = "CleanMicroserviceSystem.Service.Application.Abstraction", "CleanMicroserviceSystem.Service.Application.Abstraction\CleanMicroserviceSystem.Service.Application.Abstraction.csproj", "{6B4DFF64-AE40-450B-A6DA-D77FE7421ECF}"
EndProject
Project("{FAE04EC0-301F-11D3-BF4B-00C04F79EFBC}") = "CleanMicroserviceSystem.Service.Client.Abstraction", "CleanMicroserviceSystem.Service.Client.Abstraction\CleanMicroserviceSystem.Service.Client.Abstraction.csproj", "{5E2E7EEC-6635-44DE-B154-733AE8BAB35F}"
EndProject
Project("{FAE04EC0-301F-11D3-BF4B-00C04F79EFBC}") = "CleanMicroserviceSystem.Service.Domain.Abstraction", "CleanMicroserviceSystem.Service.Domain.Abstraction\CleanMicroserviceSystem.Service.Domain.Abstraction.csproj", "{476703E8-8162-440F-AED5-B0BF5F1A97DB}"
EndProject
Project("{FAE04EC0-301F-11D3-BF4B-00C04F79EFBC}") = "CleanMicroserviceSystem.Service.Infrastructure.Abstraction", "CleanMicroserviceSystem.Service.Infrastructure.Abstraction\CleanMicroserviceSystem.Service.Infrastructure.Abstraction.csproj", "{127CF9DE-33D1-4CCB-9943-5DE7ADD86587}"
EndProject
Project("{FAE04EC0-301F-11D3-BF4B-00C04F79EFBC}") = "CleanMicroserviceSystem.Service.WebAPI.Abstraction", "CleanMicroserviceSystem.Service.WebAPI.Abstraction\CleanMicroserviceSystem.Service.WebAPI.Abstraction.csproj", "{CAE0E9BE-6E5B-4FB3-B996-25BBC63D499C}"
EndProject
Global
	GlobalSection(SolutionConfigurationPlatforms) = preSolution
		Debug|Any CPU = Debug|Any CPU
		Release|Any CPU = Release|Any CPU
	EndGlobalSection
	GlobalSection(ProjectConfigurationPlatforms) = postSolution
		{F60FE33D-6083-46B5-A80D-3FDF7A939AC2}.Debug|Any CPU.ActiveCfg = Debug|Any CPU
		{F60FE33D-6083-46B5-A80D-3FDF7A939AC2}.Debug|Any CPU.Build.0 = Debug|Any CPU
		{F60FE33D-6083-46B5-A80D-3FDF7A939AC2}.Release|Any CPU.ActiveCfg = Release|Any CPU
		{F60FE33D-6083-46B5-A80D-3FDF7A939AC2}.Release|Any CPU.Build.0 = Release|Any CPU
		{40C063A8-B595-4C98-A5B4-2A54E8B42EAC}.Debug|Any CPU.ActiveCfg = Debug|Any CPU
		{40C063A8-B595-4C98-A5B4-2A54E8B42EAC}.Debug|Any CPU.Build.0 = Debug|Any CPU
		{40C063A8-B595-4C98-A5B4-2A54E8B42EAC}.Release|Any CPU.ActiveCfg = Release|Any CPU
		{40C063A8-B595-4C98-A5B4-2A54E8B42EAC}.Release|Any CPU.Build.0 = Release|Any CPU
		{AB06CB3D-50D3-4394-825E-8387701AA509}.Debug|Any CPU.ActiveCfg = Debug|Any CPU
		{AB06CB3D-50D3-4394-825E-8387701AA509}.Debug|Any CPU.Build.0 = Debug|Any CPU
		{AB06CB3D-50D3-4394-825E-8387701AA509}.Release|Any CPU.ActiveCfg = Release|Any CPU
		{AB06CB3D-50D3-4394-825E-8387701AA509}.Release|Any CPU.Build.0 = Release|Any CPU
		{6EC37AD0-18D2-4E56-ACCD-7A4E819B9680}.Debug|Any CPU.ActiveCfg = Debug|Any CPU
		{6EC37AD0-18D2-4E56-ACCD-7A4E819B9680}.Debug|Any CPU.Build.0 = Debug|Any CPU
		{6EC37AD0-18D2-4E56-ACCD-7A4E819B9680}.Release|Any CPU.ActiveCfg = Release|Any CPU
		{6EC37AD0-18D2-4E56-ACCD-7A4E819B9680}.Release|Any CPU.Build.0 = Release|Any CPU
		{B13A5BF9-E488-49EA-985F-983C8A21E263}.Debug|Any CPU.ActiveCfg = Debug|Any CPU
		{B13A5BF9-E488-49EA-985F-983C8A21E263}.Debug|Any CPU.Build.0 = Debug|Any CPU
		{B13A5BF9-E488-49EA-985F-983C8A21E263}.Release|Any CPU.ActiveCfg = Release|Any CPU
		{B13A5BF9-E488-49EA-985F-983C8A21E263}.Release|Any CPU.Build.0 = Release|Any CPU
		{392C0B16-32ED-45E4-8A40-4AB613665E1D}.Debug|Any CPU.ActiveCfg = Debug|Any CPU
		{392C0B16-32ED-45E4-8A40-4AB613665E1D}.Debug|Any CPU.Build.0 = Debug|Any CPU
		{392C0B16-32ED-45E4-8A40-4AB613665E1D}.Release|Any CPU.ActiveCfg = Release|Any CPU
		{392C0B16-32ED-45E4-8A40-4AB613665E1D}.Release|Any CPU.Build.0 = Release|Any CPU
		{36A18AF7-B065-4B4C-82D3-65DB91E957B3}.Debug|Any CPU.ActiveCfg = Debug|Any CPU
		{36A18AF7-B065-4B4C-82D3-65DB91E957B3}.Debug|Any CPU.Build.0 = Debug|Any CPU
		{36A18AF7-B065-4B4C-82D3-65DB91E957B3}.Release|Any CPU.ActiveCfg = Release|Any CPU
		{36A18AF7-B065-4B4C-82D3-65DB91E957B3}.Release|Any CPU.Build.0 = Release|Any CPU
		{604156FB-94FE-4CB0-A83F-5C2964FCE51F}.Debug|Any CPU.ActiveCfg = Debug|Any CPU
		{604156FB-94FE-4CB0-A83F-5C2964FCE51F}.Debug|Any CPU.Build.0 = Debug|Any CPU
		{604156FB-94FE-4CB0-A83F-5C2964FCE51F}.Release|Any CPU.ActiveCfg = Release|Any CPU
		{604156FB-94FE-4CB0-A83F-5C2964FCE51F}.Release|Any CPU.Build.0 = Release|Any CPU
		{6B4DFF64-AE40-450B-A6DA-D77FE7421ECF}.Debug|Any CPU.ActiveCfg = Debug|Any CPU
		{6B4DFF64-AE40-450B-A6DA-D77FE7421ECF}.Debug|Any CPU.Build.0 = Debug|Any CPU
		{6B4DFF64-AE40-450B-A6DA-D77FE7421ECF}.Release|Any CPU.ActiveCfg = Release|Any CPU
		{6B4DFF64-AE40-450B-A6DA-D77FE7421ECF}.Release|Any CPU.Build.0 = Release|Any CPU
		{5E2E7EEC-6635-44DE-B154-733AE8BAB35F}.Debug|Any CPU.ActiveCfg = Debug|Any CPU
		{5E2E7EEC-6635-44DE-B154-733AE8BAB35F}.Debug|Any CPU.Build.0 = Debug|Any CPU
		{5E2E7EEC-6635-44DE-B154-733AE8BAB35F}.Release|Any CPU.ActiveCfg = Release|Any CPU
		{5E2E7EEC-6635-44DE-B154-733AE8BAB35F}.Release|Any CPU.Build.0 = Release|Any CPU
		{476703E8-8162-440F-AED5-B0BF5F1A97DB}.Debug|Any CPU.ActiveCfg = Debug|Any CPU
		{476703E8-8162-440F-AED5-B0BF5F1A97DB}.Debug|Any CPU.Build.0 = Debug|Any CPU
		{476703E8-8162-440F-AED5-B0BF5F1A97DB}.Release|Any CPU.ActiveCfg = Release|Any CPU
		{476703E8-8162-440F-AED5-B0BF5F1A97DB}.Release|Any CPU.Build.0 = Release|Any CPU
		{127CF9DE-33D1-4CCB-9943-5DE7ADD86587}.Debug|Any CPU.ActiveCfg = Debug|Any CPU
		{127CF9DE-33D1-4CCB-9943-5DE7ADD86587}.Debug|Any CPU.Build.0 = Debug|Any CPU
		{127CF9DE-33D1-4CCB-9943-5DE7ADD86587}.Release|Any CPU.ActiveCfg = Release|Any CPU
		{127CF9DE-33D1-4CCB-9943-5DE7ADD86587}.Release|Any CPU.Build.0 = Release|Any CPU
		{CAE0E9BE-6E5B-4FB3-B996-25BBC63D499C}.Debug|Any CPU.ActiveCfg = Debug|Any CPU
		{CAE0E9BE-6E5B-4FB3-B996-25BBC63D499C}.Debug|Any CPU.Build.0 = Debug|Any CPU
		{CAE0E9BE-6E5B-4FB3-B996-25BBC63D499C}.Release|Any CPU.ActiveCfg = Release|Any CPU
		{CAE0E9BE-6E5B-4FB3-B996-25BBC63D499C}.Release|Any CPU.Build.0 = Release|Any CPU
	EndGlobalSection
	GlobalSection(SolutionProperties) = preSolution
		HideSolutionNode = FALSE
	EndGlobalSection
	GlobalSection(NestedProjects) = preSolution
		{F60FE33D-6083-46B5-A80D-3FDF7A939AC2} = {DE964A1C-4E97-4249-8239-41FD53736B62}
		{40C063A8-B595-4C98-A5B4-2A54E8B42EAC} = {DE964A1C-4E97-4249-8239-41FD53736B62}
		{AB06CB3D-50D3-4394-825E-8387701AA509} = {DE964A1C-4E97-4249-8239-41FD53736B62}
		{6EC37AD0-18D2-4E56-ACCD-7A4E819B9680} = {AB268A40-1B21-4364-94CF-F626BD664F99}
		{B13A5BF9-E488-49EA-985F-983C8A21E263} = {AB268A40-1B21-4364-94CF-F626BD664F99}
		{392C0B16-32ED-45E4-8A40-4AB613665E1D} = {AB268A40-1B21-4364-94CF-F626BD664F99}
		{36A18AF7-B065-4B4C-82D3-65DB91E957B3} = {AB268A40-1B21-4364-94CF-F626BD664F99}
		{604156FB-94FE-4CB0-A83F-5C2964FCE51F} = {AB268A40-1B21-4364-94CF-F626BD664F99}
		{6B4DFF64-AE40-450B-A6DA-D77FE7421ECF} = {ADEF00F4-7359-4188-AC22-108E3C82205D}
		{5E2E7EEC-6635-44DE-B154-733AE8BAB35F} = {ADEF00F4-7359-4188-AC22-108E3C82205D}
		{476703E8-8162-440F-AED5-B0BF5F1A97DB} = {ADEF00F4-7359-4188-AC22-108E3C82205D}
		{127CF9DE-33D1-4CCB-9943-5DE7ADD86587} = {ADEF00F4-7359-4188-AC22-108E3C82205D}
		{CAE0E9BE-6E5B-4FB3-B996-25BBC63D499C} = {ADEF00F4-7359-4188-AC22-108E3C82205D}
	EndGlobalSection
	GlobalSection(ExtensibilityGlobals) = postSolution
		SolutionGuid = {85A4FEC3-D669-4E54-94D9-D259A5DECB54}
	EndGlobalSection
EndGlobal
